
Microsoft Visual Studio Solution File, Format Version 12.00
# Visual Studio Version 17
VisualStudioVersion = 17.5.33627.172
MinimumVisualStudioVersion = 10.0.40219.1
Project("{2150E333-8FDC-42A3-9474-1A3956D46DE8}") = "src", "src", "{C93610BE-9286-47D6-86A7-EFB941ABF440}"
EndProject
Project("{FAE04EC0-301F-11D3-BF4B-00C04F79EFBC}") = "RealTime.API", "src\RealTime.API\RealTime.API.csproj", "{3A5ED249-A1DC-439E-B363-C4D887939048}"
EndProject
Global
	GlobalSection(SolutionConfigurationPlatforms) = preSolution
		Debug|Any CPU = Debug|Any CPU
		Release|Any CPU = Release|Any CPU
	EndGlobalSection
	GlobalSection(ProjectConfigurationPlatforms) = postSolution
		{3A5ED249-A1DC-439E-B363-C4D887939048}.Debug|Any CPU.ActiveCfg = Debug|Any CPU
		{3A5ED249-A1DC-439E-B363-C4D887939048}.Debug|Any CPU.Build.0 = Debug|Any CPU
		{3A5ED249-A1DC-439E-B363-C4D887939048}.Release|Any CPU.ActiveCfg = Release|Any CPU
		{3A5ED249-A1DC-439E-B363-C4D887939048}.Release|Any CPU.Build.0 = Release|Any CPU
	EndGlobalSection
	GlobalSection(SolutionProperties) = preSolution
		HideSolutionNode = FALSE
	EndGlobalSection
	GlobalSection(NestedProjects) = preSolution
		{3A5ED249-A1DC-439E-B363-C4D887939048} = {C93610BE-9286-47D6-86A7-EFB941ABF440}
	EndGlobalSection
	GlobalSection(ExtensibilityGlobals) = postSolution
		SolutionGuid = {8F1E9A22-A88D-4BB4-A3FD-F55F18C8250D}
	EndGlobalSection
EndGlobal
